
Microsoft Visual Studio Solution File, Format Version 12.00
# Visual Studio 15
VisualStudioVersion = 15.0.27703.2000
MinimumVisualStudioVersion = 10.0.40219.1
Project("{2150E333-8FDC-42A3-9474-1A3956D46DE8}") = "Packages", "Packages", "{57A03103-EAE9-4BA8-BC53-9A9AB2726360}"
EndProject
Project("{2150E333-8FDC-42A3-9474-1A3956D46DE8}") = "Apps", "Apps", "{9320182A-5DAA-444B-96FE-13A2D8F6E2F2}"
EndProject
Project("{2150E333-8FDC-42A3-9474-1A3956D46DE8}") = "Classes", "Classes", "{839616C5-0AEF-4830-A395-E0461E616A52}"
EndProject
Project("{2150E333-8FDC-42A3-9474-1A3956D46DE8}") = "Codes", "Codes", "{DD2F55C0-7523-4B3B-A371-7C8CE61438A1}"
EndProject
Project("{2150E333-8FDC-42A3-9474-1A3956D46DE8}") = "Libraries", "Libraries", "{E127EC3C-BED5-4EF8-9456-BB1D49723D9B}"
EndProject
Project("{FAE04EC0-301F-11D3-BF4B-00C04F79EFBC}") = "ConsLib", "Konsol Kitaplığı\ConsLib.csproj", "{8FC9DD00-038E-48A0-AB5B-D56951668F4E}"
EndProject
Project("{FAE04EC0-301F-11D3-BF4B-00C04F79EFBC}") = "ConsoleApp1", "ConsoleApp1\ConsoleApp1.csproj", "{D7EC1E3D-64C8-4FED-A26B-57F3FFF0A0B7}"
EndProject
Project("{2150E333-8FDC-42A3-9474-1A3956D46DE8}") = "SpammerSample", "SpammerSample", "{8EB957E6-4CC3-4AD6-9380-BE9417C5E467}"
EndProject
Global
	GlobalSection(SolutionConfigurationPlatforms) = preSolution
		Debug|Any CPU = Debug|Any CPU
		Release|Any CPU = Release|Any CPU
	EndGlobalSection
	GlobalSection(ProjectConfigurationPlatforms) = postSolution
		{8FC9DD00-038E-48A0-AB5B-D56951668F4E}.Debug|Any CPU.ActiveCfg = Debug|Any CPU
		{8FC9DD00-038E-48A0-AB5B-D56951668F4E}.Debug|Any CPU.Build.0 = Debug|Any CPU
		{8FC9DD00-038E-48A0-AB5B-D56951668F4E}.Release|Any CPU.ActiveCfg = Release|Any CPU
		{8FC9DD00-038E-48A0-AB5B-D56951668F4E}.Release|Any CPU.Build.0 = Release|Any CPU
		{D7EC1E3D-64C8-4FED-A26B-57F3FFF0A0B7}.Debug|Any CPU.ActiveCfg = Debug|Any CPU
		{D7EC1E3D-64C8-4FED-A26B-57F3FFF0A0B7}.Debug|Any CPU.Build.0 = Debug|Any CPU
		{D7EC1E3D-64C8-4FED-A26B-57F3FFF0A0B7}.Release|Any CPU.ActiveCfg = Release|Any CPU
		{D7EC1E3D-64C8-4FED-A26B-57F3FFF0A0B7}.Release|Any CPU.Build.0 = Release|Any CPU
	EndGlobalSection
	GlobalSection(SolutionProperties) = preSolution
		HideSolutionNode = FALSE
	EndGlobalSection
	GlobalSection(NestedProjects) = preSolution
		{9320182A-5DAA-444B-96FE-13A2D8F6E2F2} = {8EB957E6-4CC3-4AD6-9380-BE9417C5E467}
		{839616C5-0AEF-4830-A395-E0461E616A52} = {8EB957E6-4CC3-4AD6-9380-BE9417C5E467}
		{8FC9DD00-038E-48A0-AB5B-D56951668F4E} = {839616C5-0AEF-4830-A395-E0461E616A52}
		{D7EC1E3D-64C8-4FED-A26B-57F3FFF0A0B7} = {9320182A-5DAA-444B-96FE-13A2D8F6E2F2}
	EndGlobalSection
	GlobalSection(ExtensibilityGlobals) = postSolution
		SolutionGuid = {FC760712-1210-4BC7-BC68-DD574C5F4226}
	EndGlobalSection
EndGlobal
